{
  "nodes": {
    "home-manager": {
      "inputs": {
        "nixpkgs": [
          "nixpkgs"
        ]
      },
      "locked": {
        "lastModified": 1785531816,
        "narHash": "sha256-vkMnV0JIyw+g/NmcfoajlGaAO+9a0ezia+FZohQJrik=",
        "owner": "nix-community",
        "repo": "home-manager",
        "rev": "bf9ce9fec78f95f374e8dd3b503863a3ec128ebe",
        "type": "github"
      },
      "original": {
        "owner": "nix-community",
        "repo": "home-manager",
        "type": "github"
      }
    },
    "nix-flatpak": {
      "locked": {
        "lastModified": 1783368811,
        "narHash": "sha256-0H8jDwR4Kegb3heaTrH1ftbgKfZVDT8JE+46uXxDy/Q=",
        "owner": "gmodena",
        "repo": "nix-flatpak",
        "rev": "20d42f0ee98c9fe9f85e8d1de474f1409ed10d05",
        "type": "github"
      },
      "original": {
        "owner": "gmodena",
        "repo": "nix-flatpak",
        "type": "github"
      }
    },
    "nix-pi": {
      "inputs": {
        "nixpkgs": [
          "nixpkgs"
        ]
      },
      "locked": {
        "lastModified": 1779508846,
        "narHash": "sha256-qA1Ql5LOU76L+nT5g/aEaDzVjF3/hEG9Pka8sYIyBok=",
        "owner": "hinstef",
        "repo": "nix-pi",
        "rev": "1c17b84cd1392145164f23c2f56b25a338dd0da9",
        "type": "github"
      },
      "original": {
        "owner": "hinstef",
        "repo": "nix-pi",
        "type": "github"
      }
    },
    "nixadmin": {
      "inputs": {
        "nixpkgs": [
          "nixpkgs"
        ]
      },
      "locked": {
        "lastModified": 1785117099,
        "narHash": "sha256-QXAV5tY9bhD/yhhLRKsBiWFFOq9xYemtTI5lZVo04g8=",
        "owner": "hinstef",
        "repo": "nixadmin",
        "rev": "01ed926f01532e20fe9c163d34a17a5350b9eb68",
        "type": "github"
      },
      "original": {
        "owner": "hinstef",
        "ref": "main",
        "repo": "nixadmin",
        "type": "github"
      }
    },
    "nixpkgs": {
      "locked": {
        "lastModified": 1785571196,
        "narHash": "sha256-KoTsyMQqnXQZq8deCEnu4QkyldkwH/bpMMhUcfMdGIw=",
        "owner": "nixos",
        "repo": "nixpkgs",
        "rev": "148bab9c1c3c53136ecb44a6ea356a0ed5b39b06",
        "type": "github"
      },
      "original": {
        "owner": "nixos",
        "ref": "nixos-unstable",
        "repo": "nixpkgs",
        "type": "github"
      }
    },
    "private": {
      "flake": false,
      "locked": {
        "lastModified": 1785604997,
        "narHash": "sha256-JE/k4zqznsUB7wlpj9B1HvVztf6ZknCboohE641wJBE=",
        "ref": "refs/heads/main",
        "rev": "22ab1938e1a8b02a8af5ed71e6cb6e04249bdaeb",
        "revCount": 3,
        "type": "git",
        "url": "ssh://git@github.com/hinstef/nixlap-private"
      },
      "original": {
        "type": "git",
        "url": "ssh://git@github.com/hinstef/nixlap-private"
      }
    },
    "root": {
      "inputs": {
        "home-manager": "home-manager",
        "nix-flatpak": "nix-flatpak",
        "nix-pi": "nix-pi",
        "nixadmin": "nixadmin",
        "nixpkgs": "nixpkgs",
        "private": "private",
        "sops-nix": "sops-nix"
      }
    },
    "sops-nix": {
      "inputs": {
        "nixpkgs": [
          "nixpkgs"
        ]
      },
      "locked": {
        "lastModified": 1783174389,
        "narHash": "sha256-aCWC8ngycU7OdJrU2+Je3qf+1a2ykuBvpPhZT/9tXMc=",
        "owner": "Mic92",
        "repo": "sops-nix",
        "rev": "f1406619a3884cd5c47992a70b8b35c9c0fcb4c9",
        "type": "github"
      },
      "original": {
        "owner": "Mic92",
        "repo": "sops-nix",
        "type": "github"
      }
    }
  },
  "root": "root",
  "version": 7
}
